{
    "_readme": [
        "This file locks the dependencies of your project to a known state",
        "Read more about it at https://getcomposer.org/doc/01-basic-usage.md#composer-lock-the-lock-file",
        "This file is @generated automatically"
    ],
    "content-hash": "9a53ae0f2ac04082eac696e99085f2e3",
    "packages": [
        {
            "name": "elboletaire/crawler",
            "version": "dev-master",
            "source": {
                "type": "git",
                "url": "https://github.com/elboletaire/php-crawler.git",
                "reference": "cce4d219a2823c8b4a22d72e45ac40a52e8b6e9e"
            },
            "dist": {
                "type": "zip",
                "url": "https://api.github.com/repos/elboletaire/php-crawler/zipball/cce4d219a2823c8b4a22d72e45ac40a52e8b6e9e",
                "reference": "cce4d219a2823c8b4a22d72e45ac40a52e8b6e9e",
                "shasum": ""
            },
            "type": "library",
            "autoload": {
                "psr-4": {
                    "Elboletaire\\Crawler\\": "src"
                }
            },
            "notification-url": "https://packagist.org/downloads/",
            "license": [
                "GPLv3"
            ],
            "authors": [
                {
                    "name": "Òscar Casajuana",
                    "email": "elboletaire@underave.net"
                }
            ],
            "description": "A simple crawler (spider) writen in php just for fun",
            "time": "2017-09-21T21:42:01+00:00"
        }
    ],
    "packages-dev": [],
    "aliases": [],
    "minimum-stability": "stable",
    "stability-flags": {
        "elboletaire/crawler": 20
    },
    "prefer-stable": false,
    "prefer-lowest": false,
    "platform": [],
    "platform-dev": []
}
